
Microsoft Visual Studio Solution File, Format Version 12.00
# Visual Studio Version 17
VisualStudioVersion = 17.13.35818.85 d17.13
MinimumVisualStudioVersion = 10.0.40219.1
Project("{FAE04EC0-301F-11D3-BF4B-00C04F79EFBC}") = "Observability ZMZU", "Observability ZMZU\Observability ZMZU.csproj", "{4DDB8773-C7C4-48EE-B27F-5E1488A92FDF}"
EndProject
Project("{FAE04EC0-301F-11D3-BF4B-00C04F79EFBC}") = "ClassLibrary", "ClassLibrary\ClassLibrary.csproj", "{F6F16B7D-52AE-4012-A265-2233F6B398A7}"
EndProject
Global
	GlobalSection(SolutionConfigurationPlatforms) = preSolution
		Debug|Any CPU = Debug|Any CPU
		Debug|x86 = Debug|x86
		Release|Any CPU = Release|Any CPU
		Release|x86 = Release|x86
	EndGlobalSection
	GlobalSection(ProjectConfigurationPlatforms) = postSolution
		{4DDB8773-C7C4-48EE-B27F-5E1488A92FDF}.Debug|Any CPU.ActiveCfg = Debug|Any CPU
		{4DDB8773-C7C4-48EE-B27F-5E1488A92FDF}.Debug|Any CPU.Build.0 = Debug|Any CPU
		{4DDB8773-C7C4-48EE-B27F-5E1488A92FDF}.Debug|x86.ActiveCfg = Debug|x86
		{4DDB8773-C7C4-48EE-B27F-5E1488A92FDF}.Debug|x86.Build.0 = Debug|x86
		{4DDB8773-C7C4-48EE-B27F-5E1488A92FDF}.Release|Any CPU.ActiveCfg = Release|Any CPU
		{4DDB8773-C7C4-48EE-B27F-5E1488A92FDF}.Release|Any CPU.Build.0 = Release|Any CPU
		{4DDB8773-C7C4-48EE-B27F-5E1488A92FDF}.Release|x86.ActiveCfg = Release|x86
		{4DDB8773-C7C4-48EE-B27F-5E1488A92FDF}.Release|x86.Build.0 = Release|x86
		{F6F16B7D-52AE-4012-A265-2233F6B398A7}.Debug|Any CPU.ActiveCfg = Debug|Any CPU
		{F6F16B7D-52AE-4012-A265-2233F6B398A7}.Debug|Any CPU.Build.0 = Debug|Any CPU
		{F6F16B7D-52AE-4012-A265-2233F6B398A7}.Debug|x86.ActiveCfg = Debug|x86
		{F6F16B7D-52AE-4012-A265-2233F6B398A7}.Debug|x86.Build.0 = Debug|x86
		{F6F16B7D-52AE-4012-A265-2233F6B398A7}.Release|Any CPU.ActiveCfg = Release|Any CPU
		{F6F16B7D-52AE-4012-A265-2233F6B398A7}.Release|Any CPU.Build.0 = Release|Any CPU
		{F6F16B7D-52AE-4012-A265-2233F6B398A7}.Release|x86.ActiveCfg = Release|x86
		{F6F16B7D-52AE-4012-A265-2233F6B398A7}.Release|x86.Build.0 = Release|x86
	EndGlobalSection
	GlobalSection(SolutionProperties) = preSolution
		HideSolutionNode = FALSE
	EndGlobalSection
	GlobalSection(ExtensibilityGlobals) = postSolution
		SolutionGuid = {E0855543-974E-4279-BC75-D757FB5BFA65}
	EndGlobalSection
EndGlobal
